
Microsoft Visual Studio Solution File, Format Version 12.00
# Visual Studio Version 17
VisualStudioVersion = 17.1.32328.378
MinimumVisualStudioVersion = 10.0.40219.1
Project("{8BC9CEB8-8B4A-11D0-8D11-00A0C91BC942}") = "DataStructures-Study", "DataStructures-Study.vcxproj", "{27DCC698-639A-4B0B-ABBF-E8D4C895BC3D}"
EndProject
Global
	GlobalSection(SolutionConfigurationPlatforms) = preSolution
		Debug|x64 = Debug|x64
		Debug|x86 = Debug|x86
		Release|x64 = Release|x64
		Release|x86 = Release|x86
	EndGlobalSection
	GlobalSection(ProjectConfigurationPlatforms) = postSolution
		{27DCC698-639A-4B0B-ABBF-E8D4C895BC3D}.Debug|x64.ActiveCfg = Debug|x64
		{27DCC698-639A-4B0B-ABBF-E8D4C895BC3D}.Debug|x64.Build.0 = Debug|x64
		{27DCC698-639A-4B0B-ABBF-E8D4C895BC3D}.Debug|x86.ActiveCfg = Debug|Win32
		{27DCC698-639A-4B0B-ABBF-E8D4C895BC3D}.Debug|x86.Build.0 = Debug|Win32
		{27DCC698-639A-4B0B-ABBF-E8D4C895BC3D}.Release|x64.ActiveCfg = Release|x64
		{27DCC698-639A-4B0B-ABBF-E8D4C895BC3D}.Release|x64.Build.0 = Release|x64
		{27DCC698-639A-4B0B-ABBF-E8D4C895BC3D}.Release|x86.ActiveCfg = Release|Win32
		{27DCC698-639A-4B0B-ABBF-E8D4C895BC3D}.Release|x86.Build.0 = Release|Win32
	EndGlobalSection
	GlobalSection(SolutionProperties) = preSolution
		HideSolutionNode = FALSE
	EndGlobalSection
	GlobalSection(ExtensibilityGlobals) = postSolution
		SolutionGuid = {5E57C719-040B-49D2-BC43-F785ECF9851C}
	EndGlobalSection
EndGlobal
